
Microsoft Visual Studio Solution File, Format Version 12.00
# Visual Studio Version 17
VisualStudioVersion = 17.9.34902.65
MinimumVisualStudioVersion = 10.0.40219.1
Project("{FAE04EC0-301F-11D3-BF4B-00C04F79EFBC}") = "Business", "TeamEcommerce\Business.csproj", "{B9C83E0D-D11F-4549-BA39-87728348DA4B}"
EndProject
Project("{FAE04EC0-301F-11D3-BF4B-00C04F79EFBC}") = "DataAccess", "DataAccess\DataAccess.csproj", "{FDFDD339-3B2A-4C26-A17D-E16CBA868C0F}"
EndProject
Project("{FAE04EC0-301F-11D3-BF4B-00C04F79EFBC}") = "Entities", "Entities\Entities.csproj", "{76ED8D22-7808-4BBA-8017-09525CE8CD37}"
EndProject
Project("{FAE04EC0-301F-11D3-BF4B-00C04F79EFBC}") = "TeamAPI", "TeamAPI\TeamAPI.csproj", "{F9E3631C-8F8D-496B-8B99-67EA660DDE0C}"
EndProject
Project("{FAE04EC0-301F-11D3-BF4B-00C04F79EFBC}") = "Console", "Console\Console.csproj", "{CFDBBBE9-CB58-4FA8-BE91-86321FFC840F}"
EndProject
Global
	GlobalSection(SolutionConfigurationPlatforms) = preSolution
		Debug|Any CPU = Debug|Any CPU
		Release|Any CPU = Release|Any CPU
	EndGlobalSection
	GlobalSection(ProjectConfigurationPlatforms) = postSolution
		{B9C83E0D-D11F-4549-BA39-87728348DA4B}.Debug|Any CPU.ActiveCfg = Debug|Any CPU
		{B9C83E0D-D11F-4549-BA39-87728348DA4B}.Debug|Any CPU.Build.0 = Debug|Any CPU
		{B9C83E0D-D11F-4549-BA39-87728348DA4B}.Release|Any CPU.ActiveCfg = Release|Any CPU
		{B9C83E0D-D11F-4549-BA39-87728348DA4B}.Release|Any CPU.Build.0 = Release|Any CPU
		{FDFDD339-3B2A-4C26-A17D-E16CBA868C0F}.Debug|Any CPU.ActiveCfg = Debug|Any CPU
		{FDFDD339-3B2A-4C26-A17D-E16CBA868C0F}.Debug|Any CPU.Build.0 = Debug|Any CPU
		{FDFDD339-3B2A-4C26-A17D-E16CBA868C0F}.Release|Any CPU.ActiveCfg = Release|Any CPU
		{FDFDD339-3B2A-4C26-A17D-E16CBA868C0F}.Release|Any CPU.Build.0 = Release|Any CPU
		{76ED8D22-7808-4BBA-8017-09525CE8CD37}.Debug|Any CPU.ActiveCfg = Debug|Any CPU
		{76ED8D22-7808-4BBA-8017-09525CE8CD37}.Debug|Any CPU.Build.0 = Debug|Any CPU
		{76ED8D22-7808-4BBA-8017-09525CE8CD37}.Release|Any CPU.ActiveCfg = Release|Any CPU
		{76ED8D22-7808-4BBA-8017-09525CE8CD37}.Release|Any CPU.Build.0 = Release|Any CPU
		{F9E3631C-8F8D-496B-8B99-67EA660DDE0C}.Debug|Any CPU.ActiveCfg = Debug|Any CPU
		{F9E3631C-8F8D-496B-8B99-67EA660DDE0C}.Debug|Any CPU.Build.0 = Debug|Any CPU
		{F9E3631C-8F8D-496B-8B99-67EA660DDE0C}.Release|Any CPU.ActiveCfg = Release|Any CPU
		{F9E3631C-8F8D-496B-8B99-67EA660DDE0C}.Release|Any CPU.Build.0 = Release|Any CPU
		{CFDBBBE9-CB58-4FA8-BE91-86321FFC840F}.Debug|Any CPU.ActiveCfg = Debug|Any CPU
		{CFDBBBE9-CB58-4FA8-BE91-86321FFC840F}.Debug|Any CPU.Build.0 = Debug|Any CPU
		{CFDBBBE9-CB58-4FA8-BE91-86321FFC840F}.Release|Any CPU.ActiveCfg = Release|Any CPU
		{CFDBBBE9-CB58-4FA8-BE91-86321FFC840F}.Release|Any CPU.Build.0 = Release|Any CPU
	EndGlobalSection
	GlobalSection(SolutionProperties) = preSolution
		HideSolutionNode = FALSE
	EndGlobalSection
	GlobalSection(ExtensibilityGlobals) = postSolution
		SolutionGuid = {121E7CA5-CF2F-45D9-BC83-3EA9B495C5DD}
	EndGlobalSection
EndGlobal
